{
  "object": {
    "pins": [
      {
        "package": "FolderOrganizer",
        "repositoryURL": "https://github.com/otavioalbucosta/FolderOrganizer.git",
        "state": {
          "branch": "main",
          "revision": "11bbf773a10de8f551c7f59436f22224b3566244",
          "version": null
        }
      },
      {
        "package": "Password-Generetor",
        "repositoryURL": "https://github.com/Luizerz/PassGen.git",
        "state": {
          "branch": null,
          "revision": "ddc5963cc99796f73cd329f1f4a7eba8ef52350e",
          "version": "1.0.2"
        }
      },
      {
        "package": "swift-argument-parser",
        "repositoryURL": "https://github.com/apple/swift-argument-parser.git",
        "state": {
          "branch": null,
          "revision": "82905286cc3f0fa8adc4674bf49437cab65a8373",
          "version": "1.1.1"
        }
      }
    ]
  },
  "version": 1
}
